
Microsoft Visual Studio Solution File, Format Version 12.00
# Visual Studio Version 16
VisualStudioVersion = 16.0.32002.261
MinimumVisualStudioVersion = 10.0.40219.1
Project("{9A19103F-16F7-4668-BE54-9A1E7A4F7556}") = "BookingUpForBeauty", "BookingUpForBeauty.csproj", "{B683ADDE-DEAF-4853-B173-4A90BD24E880}"
EndProject
Global
	GlobalSection(SolutionConfigurationPlatforms) = preSolution
		Debug|Any CPU = Debug|Any CPU
		Release|Any CPU = Release|Any CPU
	EndGlobalSection
	GlobalSection(ProjectConfigurationPlatforms) = postSolution
		{B683ADDE-DEAF-4853-B173-4A90BD24E880}.Debug|Any CPU.ActiveCfg = Debug|Any CPU
		{B683ADDE-DEAF-4853-B173-4A90BD24E880}.Debug|Any CPU.Build.0 = Debug|Any CPU
		{B683ADDE-DEAF-4853-B173-4A90BD24E880}.Release|Any CPU.ActiveCfg = Release|Any CPU
		{B683ADDE-DEAF-4853-B173-4A90BD24E880}.Release|Any CPU.Build.0 = Release|Any CPU
	EndGlobalSection
	GlobalSection(SolutionProperties) = preSolution
		HideSolutionNode = FALSE
	EndGlobalSection
	GlobalSection(ExtensibilityGlobals) = postSolution
		SolutionGuid = {FCCF4F98-9C29-4779-868F-68EAA98E638F}
	EndGlobalSection
EndGlobal
