
Microsoft Visual Studio Solution File, Format Version 12.00
# Visual Studio Version 16
VisualStudioVersion = 16.0.31613.86
MinimumVisualStudioVersion = 10.0.40219.1
Project("{9A19103F-16F7-4668-BE54-9A1E7A4F7556}") = "ReverseString", "ReverseString.csproj", "{2E2BE093-6FDA-4BE4-9169-72D47A71858E}"
EndProject
Global
	GlobalSection(SolutionConfigurationPlatforms) = preSolution
		Debug|Any CPU = Debug|Any CPU
		Release|Any CPU = Release|Any CPU
	EndGlobalSection
	GlobalSection(ProjectConfigurationPlatforms) = postSolution
		{2E2BE093-6FDA-4BE4-9169-72D47A71858E}.Debug|Any CPU.ActiveCfg = Debug|Any CPU
		{2E2BE093-6FDA-4BE4-9169-72D47A71858E}.Debug|Any CPU.Build.0 = Debug|Any CPU
		{2E2BE093-6FDA-4BE4-9169-72D47A71858E}.Release|Any CPU.ActiveCfg = Release|Any CPU
		{2E2BE093-6FDA-4BE4-9169-72D47A71858E}.Release|Any CPU.Build.0 = Release|Any CPU
	EndGlobalSection
	GlobalSection(SolutionProperties) = preSolution
		HideSolutionNode = FALSE
	EndGlobalSection
	GlobalSection(ExtensibilityGlobals) = postSolution
		SolutionGuid = {FFF8F524-CAA7-4C03-815A-4278B10F45CA}
	EndGlobalSection
EndGlobal
