
Microsoft Visual Studio Solution File, Format Version 12.00
# Visual Studio Version 16
VisualStudioVersion = 16.0.32002.261
MinimumVisualStudioVersion = 10.0.40219.1
Project("{9A19103F-16F7-4668-BE54-9A1E7A4F7556}") = "LogAnalysis", "LogAnalysis.csproj", "{E5DEC237-142A-4EF4-AC97-98AECFFACBC9}"
EndProject
Global
	GlobalSection(SolutionConfigurationPlatforms) = preSolution
		Debug|Any CPU = Debug|Any CPU
		Release|Any CPU = Release|Any CPU
	EndGlobalSection
	GlobalSection(ProjectConfigurationPlatforms) = postSolution
		{E5DEC237-142A-4EF4-AC97-98AECFFACBC9}.Debug|Any CPU.ActiveCfg = Debug|Any CPU
		{E5DEC237-142A-4EF4-AC97-98AECFFACBC9}.Debug|Any CPU.Build.0 = Debug|Any CPU
		{E5DEC237-142A-4EF4-AC97-98AECFFACBC9}.Release|Any CPU.ActiveCfg = Release|Any CPU
		{E5DEC237-142A-4EF4-AC97-98AECFFACBC9}.Release|Any CPU.Build.0 = Release|Any CPU
	EndGlobalSection
	GlobalSection(SolutionProperties) = preSolution
		HideSolutionNode = FALSE
	EndGlobalSection
	GlobalSection(ExtensibilityGlobals) = postSolution
		SolutionGuid = {7426C9A0-3FF5-4D9B-904E-022CF34F836A}
	EndGlobalSection
EndGlobal
